
Microsoft Visual Studio Solution File, Format Version 12.00
# Visual Studio Version 17
VisualStudioVersion = 17.1.32210.238
MinimumVisualStudioVersion = 10.0.40219.1
Project("{2150E333-8FDC-42A3-9474-1A3956D46DE8}") = "RmqPublisher", "RmqPublisher", "{116A8900-2C45-4388-936C-F6CD211E0E17}"
EndProject
Project("{2150E333-8FDC-42A3-9474-1A3956D46DE8}") = "Facade", "Facade", "{180AEA2E-0223-4C88-800B-2480CAB87022}"
EndProject
Project("{2150E333-8FDC-42A3-9474-1A3956D46DE8}") = "Common", "Common", "{A2F03EFB-EA43-4A05-9D64-FD9862EA28CF}"
EndProject
Project("{2150E333-8FDC-42A3-9474-1A3956D46DE8}") = "Infra", "Infra", "{BC1F0AAF-E6D5-4444-B359-B53195E77883}"
EndProject
Project("{2150E333-8FDC-42A3-9474-1A3956D46DE8}") = "Http", "Http", "{8D094D0A-A228-4FB8-A98A-C1D44F13E1A3}"
EndProject
Project("{2150E333-8FDC-42A3-9474-1A3956D46DE8}") = "Domain", "Domain", "{A189E8C3-B925-4E34-9C3C-FA19F5973DF8}"
EndProject
Project("{2150E333-8FDC-42A3-9474-1A3956D46DE8}") = "BL", "BL", "{9F40D015-0F6C-41F1-BB85-B65A2C0F17FB}"
EndProject
Project("{2150E333-8FDC-42A3-9474-1A3956D46DE8}") = "RmqSubscriber", "RmqSubscriber", "{4802D3B6-746F-4022-B559-C189C7DB1C80}"
EndProject
Project("{2150E333-8FDC-42A3-9474-1A3956D46DE8}") = "Facade", "Facade", "{BFB26DB6-407A-4C78-AB16-C4EA6121181D}"
EndProject
Project("{2150E333-8FDC-42A3-9474-1A3956D46DE8}") = "Infra", "Infra", "{2C524BC5-6A84-47DB-B407-FDB19001D484}"
EndProject
Project("{2150E333-8FDC-42A3-9474-1A3956D46DE8}") = "Dtt", "Dtt", "{2E3C907B-5AA7-4706-B19E-E9D460E33E68}"
EndProject
Project("{2150E333-8FDC-42A3-9474-1A3956D46DE8}") = "Domain", "Domain", "{B5F4F3C8-4B13-472D-894D-3CED68CD6A52}"
EndProject
Project("{2150E333-8FDC-42A3-9474-1A3956D46DE8}") = "SolutionItems", "SolutionItems", "{5BB742CA-5F90-4E4B-BE9A-D86081F67733}"
	ProjectSection(SolutionItems) = preProject
		.gitignore = .gitignore
	EndProjectSection
EndProject
Project("{9A19103F-16F7-4668-BE54-9A1E7A4F7556}") = "Publication.Rabbit.Subscription.Storage.RmqSubscriber.Infra.Dtt.Proxy", "src\RmqSubscriber\Publication.Rabbit.Subscription.Storage.RmqSubscriber.Infra.Dtt.Proxy\Publication.Rabbit.Subscription.Storage.RmqSubscriber.Infra.Dtt.Proxy.csproj", "{1496C210-14D0-4F29-88AC-3BB197704D6D}"
EndProject
Project("{9A19103F-16F7-4668-BE54-9A1E7A4F7556}") = "Publication.Rabbit.Subscription.Storage.RmqSubscriber.Infra.Dtt.Dto", "src\RmqSubscriber\Publication.Rabbit.Subscription.Storage.RmqSubscriber.Infra.Dtt.Dto\Publication.Rabbit.Subscription.Storage.RmqSubscriber.Infra.Dtt.Dto.csproj", "{45454DBD-E38F-4874-AF5C-B610CC54ABB9}"
EndProject
Project("{9A19103F-16F7-4668-BE54-9A1E7A4F7556}") = "PRSS.RmqSubscriber.Infra.Dtt.Daemon", "src\RmqSubscriber\Publication.Rabbit.Subscription.Storage.RmqSubscriber.Infra.Dtt.Daemon\PRSS.RmqSubscriber.Infra.Dtt.Daemon.csproj", "{72DD83C1-1A13-4009-A519-7299529FF0F6}"
EndProject
Project("{9A19103F-16F7-4668-BE54-9A1E7A4F7556}") = "Publication.Rabbit.Subscription.Storage.RmqSubscriber.Facade", "src\RmqSubscriber\Publication.Rabbit.Subscription.Storage.RmqSubscriber.Facade\Publication.Rabbit.Subscription.Storage.RmqSubscriber.Facade.csproj", "{9A61C609-7161-4217-9C06-A5CB46DF98F4}"
EndProject
Project("{9A19103F-16F7-4668-BE54-9A1E7A4F7556}") = "Publication.Rabbit.Subscription.Storage.RmqSubscriber.Domain", "src\RmqSubscriber\Publication.Rabbit.Subscription.Storage.RmqSubscriber.Domain\Publication.Rabbit.Subscription.Storage.RmqSubscriber.Domain.csproj", "{EB79FBC3-475A-4511-8363-E6AEA49EB8DD}"
EndProject
Project("{9A19103F-16F7-4668-BE54-9A1E7A4F7556}") = "Publication.Rabbit.Subscription.Storage.RmqPublisher.Infra.Http.Proxy", "src\RmqPublisher\Publication.Rabbit.Subscription.Storage.RmqPublisher.Infra.Http.Proxy\Publication.Rabbit.Subscription.Storage.RmqPublisher.Infra.Http.Proxy.csproj", "{2079DB2E-B62D-48EA-9095-10EA58DFE85C}"
EndProject
Project("{9A19103F-16F7-4668-BE54-9A1E7A4F7556}") = "Publication.Rabbit.Subscription.Storage.RmqPublisher.Infra.Http.Dto", "src\RmqPublisher\Publication.Rabbit.Subscription.Storage.RmqPublisher.Infra.Http.Dto\Publication.Rabbit.Subscription.Storage.RmqPublisher.Infra.Http.Dto.csproj", "{8BF936C7-F6DD-446C-ABC3-A45EAD507C02}"
EndProject
Project("{9A19103F-16F7-4668-BE54-9A1E7A4F7556}") = "PRSS.RmqPublisher.Infra.Http.Daemon", "src\RmqPublisher\Publication.Rabbit.Subscription.Storage.RmqPublisher.Infra.Http.Daemon\PRSS.RmqPublisher.Infra.Http.Daemon.csproj", "{E920FCE1-224F-4B6F-BF44-2846114FA685}"
EndProject
Project("{9A19103F-16F7-4668-BE54-9A1E7A4F7556}") = "Publication.Rabbit.Subscription.Storage.RmqPublisher.Facade", "src\RmqPublisher\Publication.Rabbit.Subscription.Storage.RmqPublisher.Facade\Publication.Rabbit.Subscription.Storage.RmqPublisher.Facade.csproj", "{EBE84BA0-F669-400C-924B-903AF155446F}"
EndProject
Project("{9A19103F-16F7-4668-BE54-9A1E7A4F7556}") = "Publication.Rabbit.Subscription.Storage.RmqPublisher.Domain", "src\RmqPublisher\Publication.Rabbit.Subscription.Storage.RmqPublisher.Domain\Publication.Rabbit.Subscription.Storage.RmqPublisher.Domain.csproj", "{BF3B090B-A375-4943-BB4E-E8CF45D12696}"
EndProject
Project("{9A19103F-16F7-4668-BE54-9A1E7A4F7556}") = "Publication.Rabbit.Subscription.Storage.RmqPublisher.BL.Services", "src\RmqPublisher\Publication.Rabbit.Subscription.Storage.RmqPublisher.BL.Services\Publication.Rabbit.Subscription.Storage.RmqPublisher.BL.Services.csproj", "{4A924D22-452F-43D1-A469-F4712B87CBD7}"
EndProject
Project("{9A19103F-16F7-4668-BE54-9A1E7A4F7556}") = "Publication.Rabbit.Subscription.Storage.Models", "src\Common\Publication.Rabbit.Subscription.Storage.Models\Publication.Rabbit.Subscription.Storage.Models.csproj", "{6047BD1A-606A-4464-A727-4E19575CA340}"
EndProject
Project("{9A19103F-16F7-4668-BE54-9A1E7A4F7556}") = "Dev.Tools", "src\Common\Dev.Tools\Dev.Tools.csproj", "{95AFDECB-0C02-46EA-8975-950131A53E85}"
EndProject
Project("{2150E333-8FDC-42A3-9474-1A3956D46DE8}") = "WebInput", "WebInput", "{80038217-E441-45FD-AB3B-A3918F89A685}"
EndProject
Project("{FAE04EC0-301F-11D3-BF4B-00C04F79EFBC}") = "Publication.Rabbit.Subscription.Storage.WebInput", "src\WebInput\Publication.Rabbit.Subscription.Storage.WebInput\Publication.Rabbit.Subscription.Storage.WebInput.csproj", "{0FC76430-9EFA-4B03-95D3-3AA316847907}"
EndProject
Project("{2150E333-8FDC-42A3-9474-1A3956D46DE8}") = "src", "src", "{6F0E1B61-0CB0-44E2-9E0A-788579184EFC}"
EndProject
Project("{2150E333-8FDC-42A3-9474-1A3956D46DE8}") = "RmqSubscriber", "RmqSubscriber", "{8E5B256C-CCD6-4F78-B586-E4BE548549CF}"
EndProject
Project("{FAE04EC0-301F-11D3-BF4B-00C04F79EFBC}") = "Publication.Rabbit.Subscription.Storage.RmqSubscriber.Infra.Db", "src\RmqSubscriber\Publication.Rabbit.Subscription.Storage.RmqSubscriber.Infra.Db\Publication.Rabbit.Subscription.Storage.RmqSubscriber.Infra.Db.csproj", "{7F88624C-DBA8-4BB3-B8EF-4F0C41C715E6}"
EndProject
Project("{FAE04EC0-301F-11D3-BF4B-00C04F79EFBC}") = "Publication.Rabbit.Subscription.Storage.RmqSubscriber.BL", "src\RmqSubscriber\Publication.Rabbit.Subscription.Storage.RmqSubscriber.BL\Publication.Rabbit.Subscription.Storage.RmqSubscriber.BL.csproj", "{DBC696B6-3F25-4A2C-A535-B1B1ECE72E86}"
EndProject
Project("{FAE04EC0-301F-11D3-BF4B-00C04F79EFBC}") = "publication.rabbit.subscription.storage.consoleinput", "src\consoleinput\publication.rabbit.subscription.storage.consoleinput.csproj", "{A3E07293-E20B-4A24-801F-E27FFFF68906}"
EndProject
Project("{2150E333-8FDC-42A3-9474-1A3956D46DE8}") = "Notifications", "Notifications", "{E7AB45CD-0CBB-46E1-B5F8-DC7BF4D21F47}"
EndProject
Project("{FAE04EC0-301F-11D3-BF4B-00C04F79EFBC}") = "Publication.Rabbit.Subscription.Storage.Notifications.Facade", "src\Notifications\Facade\Publication.Rabbit.Subscription.Storage.Notifications.Facade.csproj", "{DD572B81-B62A-4B48-AD17-19EEF648E051}"
EndProject
Project("{2150E333-8FDC-42A3-9474-1A3956D46DE8}") = "Infra", "Infra", "{34B9646F-E045-4082-BD27-A718D12430DE}"
EndProject
Project("{FAE04EC0-301F-11D3-BF4B-00C04F79EFBC}") = "Publication.Rabbit.Subscription.Storage.Notifications.Infra.Proxy", "src\Notifications\Infra\Proxy\Publication.Rabbit.Subscription.Storage.Notifications.Infra.Proxy.csproj", "{48C116B2-48F5-4245-9A1F-9A6F7FCDD52F}"
EndProject
Project("{FAE04EC0-301F-11D3-BF4B-00C04F79EFBC}") = "Publication.Rabbit.Subscription.Storage.Notifications.Infra.Dto", "src\Notifications\Infra\Dto\Publication.Rabbit.Subscription.Storage.Notifications.Infra.Dto.csproj", "{41CFB9CD-3E69-4405-B1F5-62A7DCF4FB6A}"
EndProject
Project("{FAE04EC0-301F-11D3-BF4B-00C04F79EFBC}") = "P.R.S.S.Notifications.Infra.Daemon", "src\Notifications\Infra\Daemon\P.R.S.S.Notifications.Infra.Daemon.csproj", "{E56A5C8B-D994-436D-97D8-DFB0D27D2392}"
EndProject
Global
	GlobalSection(SolutionConfigurationPlatforms) = preSolution
		Debug|Any CPU = Debug|Any CPU
		Release|Any CPU = Release|Any CPU
	EndGlobalSection
	GlobalSection(ProjectConfigurationPlatforms) = postSolution
		{1496C210-14D0-4F29-88AC-3BB197704D6D}.Debug|Any CPU.ActiveCfg = Debug|Any CPU
		{1496C210-14D0-4F29-88AC-3BB197704D6D}.Debug|Any CPU.Build.0 = Debug|Any CPU
		{1496C210-14D0-4F29-88AC-3BB197704D6D}.Release|Any CPU.ActiveCfg = Release|Any CPU
		{1496C210-14D0-4F29-88AC-3BB197704D6D}.Release|Any CPU.Build.0 = Release|Any CPU
		{45454DBD-E38F-4874-AF5C-B610CC54ABB9}.Debug|Any CPU.ActiveCfg = Debug|Any CPU
		{45454DBD-E38F-4874-AF5C-B610CC54ABB9}.Debug|Any CPU.Build.0 = Debug|Any CPU
		{45454DBD-E38F-4874-AF5C-B610CC54ABB9}.Release|Any CPU.ActiveCfg = Release|Any CPU
		{45454DBD-E38F-4874-AF5C-B610CC54ABB9}.Release|Any CPU.Build.0 = Release|Any CPU
		{72DD83C1-1A13-4009-A519-7299529FF0F6}.Debug|Any CPU.ActiveCfg = Debug|Any CPU
		{72DD83C1-1A13-4009-A519-7299529FF0F6}.Debug|Any CPU.Build.0 = Debug|Any CPU
		{72DD83C1-1A13-4009-A519-7299529FF0F6}.Release|Any CPU.ActiveCfg = Release|Any CPU
		{72DD83C1-1A13-4009-A519-7299529FF0F6}.Release|Any CPU.Build.0 = Release|Any CPU
		{9A61C609-7161-4217-9C06-A5CB46DF98F4}.Debug|Any CPU.ActiveCfg = Debug|Any CPU
		{9A61C609-7161-4217-9C06-A5CB46DF98F4}.Debug|Any CPU.Build.0 = Debug|Any CPU
		{9A61C609-7161-4217-9C06-A5CB46DF98F4}.Release|Any CPU.ActiveCfg = Release|Any CPU
		{9A61C609-7161-4217-9C06-A5CB46DF98F4}.Release|Any CPU.Build.0 = Release|Any CPU
		{EB79FBC3-475A-4511-8363-E6AEA49EB8DD}.Debug|Any CPU.ActiveCfg = Debug|Any CPU
		{EB79FBC3-475A-4511-8363-E6AEA49EB8DD}.Debug|Any CPU.Build.0 = Debug|Any CPU
		{EB79FBC3-475A-4511-8363-E6AEA49EB8DD}.Release|Any CPU.ActiveCfg = Release|Any CPU
		{EB79FBC3-475A-4511-8363-E6AEA49EB8DD}.Release|Any CPU.Build.0 = Release|Any CPU
		{2079DB2E-B62D-48EA-9095-10EA58DFE85C}.Debug|Any CPU.ActiveCfg = Debug|Any CPU
		{2079DB2E-B62D-48EA-9095-10EA58DFE85C}.Debug|Any CPU.Build.0 = Debug|Any CPU
		{2079DB2E-B62D-48EA-9095-10EA58DFE85C}.Release|Any CPU.ActiveCfg = Release|Any CPU
		{2079DB2E-B62D-48EA-9095-10EA58DFE85C}.Release|Any CPU.Build.0 = Release|Any CPU
		{8BF936C7-F6DD-446C-ABC3-A45EAD507C02}.Debug|Any CPU.ActiveCfg = Debug|Any CPU
		{8BF936C7-F6DD-446C-ABC3-A45EAD507C02}.Debug|Any CPU.Build.0 = Debug|Any CPU
		{8BF936C7-F6DD-446C-ABC3-A45EAD507C02}.Release|Any CPU.ActiveCfg = Release|Any CPU
		{8BF936C7-F6DD-446C-ABC3-A45EAD507C02}.Release|Any CPU.Build.0 = Release|Any CPU
		{E920FCE1-224F-4B6F-BF44-2846114FA685}.Debug|Any CPU.ActiveCfg = Debug|Any CPU
		{E920FCE1-224F-4B6F-BF44-2846114FA685}.Debug|Any CPU.Build.0 = Debug|Any CPU
		{E920FCE1-224F-4B6F-BF44-2846114FA685}.Release|Any CPU.ActiveCfg = Release|Any CPU
		{E920FCE1-224F-4B6F-BF44-2846114FA685}.Release|Any CPU.Build.0 = Release|Any CPU
		{EBE84BA0-F669-400C-924B-903AF155446F}.Debug|Any CPU.ActiveCfg = Debug|Any CPU
		{EBE84BA0-F669-400C-924B-903AF155446F}.Debug|Any CPU.Build.0 = Debug|Any CPU
		{EBE84BA0-F669-400C-924B-903AF155446F}.Release|Any CPU.ActiveCfg = Release|Any CPU
		{EBE84BA0-F669-400C-924B-903AF155446F}.Release|Any CPU.Build.0 = Release|Any CPU
		{BF3B090B-A375-4943-BB4E-E8CF45D12696}.Debug|Any CPU.ActiveCfg = Debug|Any CPU
		{BF3B090B-A375-4943-BB4E-E8CF45D12696}.Debug|Any CPU.Build.0 = Debug|Any CPU
		{BF3B090B-A375-4943-BB4E-E8CF45D12696}.Release|Any CPU.ActiveCfg = Release|Any CPU
		{BF3B090B-A375-4943-BB4E-E8CF45D12696}.Release|Any CPU.Build.0 = Release|Any CPU
		{4A924D22-452F-43D1-A469-F4712B87CBD7}.Debug|Any CPU.ActiveCfg = Debug|Any CPU
		{4A924D22-452F-43D1-A469-F4712B87CBD7}.Debug|Any CPU.Build.0 = Debug|Any CPU
		{4A924D22-452F-43D1-A469-F4712B87CBD7}.Release|Any CPU.ActiveCfg = Release|Any CPU
		{4A924D22-452F-43D1-A469-F4712B87CBD7}.Release|Any CPU.Build.0 = Release|Any CPU
		{6047BD1A-606A-4464-A727-4E19575CA340}.Debug|Any CPU.ActiveCfg = Debug|Any CPU
		{6047BD1A-606A-4464-A727-4E19575CA340}.Debug|Any CPU.Build.0 = Debug|Any CPU
		{6047BD1A-606A-4464-A727-4E19575CA340}.Release|Any CPU.ActiveCfg = Release|Any CPU
		{6047BD1A-606A-4464-A727-4E19575CA340}.Release|Any CPU.Build.0 = Release|Any CPU
		{95AFDECB-0C02-46EA-8975-950131A53E85}.Debug|Any CPU.ActiveCfg = Debug|Any CPU
		{95AFDECB-0C02-46EA-8975-950131A53E85}.Debug|Any CPU.Build.0 = Debug|Any CPU
		{95AFDECB-0C02-46EA-8975-950131A53E85}.Release|Any CPU.ActiveCfg = Release|Any CPU
		{95AFDECB-0C02-46EA-8975-950131A53E85}.Release|Any CPU.Build.0 = Release|Any CPU
		{FFC53517-813B-43AA-966A-A0D272BB6CE0}.Debug|Any CPU.ActiveCfg = Debug|Any CPU
		{FFC53517-813B-43AA-966A-A0D272BB6CE0}.Debug|Any CPU.Build.0 = Debug|Any CPU
		{FFC53517-813B-43AA-966A-A0D272BB6CE0}.Release|Any CPU.ActiveCfg = Release|Any CPU
		{FFC53517-813B-43AA-966A-A0D272BB6CE0}.Release|Any CPU.Build.0 = Release|Any CPU
		{0FC76430-9EFA-4B03-95D3-3AA316847907}.Debug|Any CPU.ActiveCfg = Debug|Any CPU
		{0FC76430-9EFA-4B03-95D3-3AA316847907}.Debug|Any CPU.Build.0 = Debug|Any CPU
		{0FC76430-9EFA-4B03-95D3-3AA316847907}.Release|Any CPU.ActiveCfg = Release|Any CPU
		{0FC76430-9EFA-4B03-95D3-3AA316847907}.Release|Any CPU.Build.0 = Release|Any CPU
		{7F88624C-DBA8-4BB3-B8EF-4F0C41C715E6}.Debug|Any CPU.ActiveCfg = Debug|Any CPU
		{7F88624C-DBA8-4BB3-B8EF-4F0C41C715E6}.Debug|Any CPU.Build.0 = Debug|Any CPU
		{7F88624C-DBA8-4BB3-B8EF-4F0C41C715E6}.Release|Any CPU.ActiveCfg = Release|Any CPU
		{7F88624C-DBA8-4BB3-B8EF-4F0C41C715E6}.Release|Any CPU.Build.0 = Release|Any CPU
		{DBC696B6-3F25-4A2C-A535-B1B1ECE72E86}.Debug|Any CPU.ActiveCfg = Debug|Any CPU
		{DBC696B6-3F25-4A2C-A535-B1B1ECE72E86}.Debug|Any CPU.Build.0 = Debug|Any CPU
		{DBC696B6-3F25-4A2C-A535-B1B1ECE72E86}.Release|Any CPU.ActiveCfg = Release|Any CPU
		{DBC696B6-3F25-4A2C-A535-B1B1ECE72E86}.Release|Any CPU.Build.0 = Release|Any CPU
		{A3E07293-E20B-4A24-801F-E27FFFF68906}.Debug|Any CPU.ActiveCfg = Debug|Any CPU
		{A3E07293-E20B-4A24-801F-E27FFFF68906}.Debug|Any CPU.Build.0 = Debug|Any CPU
		{A3E07293-E20B-4A24-801F-E27FFFF68906}.Release|Any CPU.ActiveCfg = Release|Any CPU
		{A3E07293-E20B-4A24-801F-E27FFFF68906}.Release|Any CPU.Build.0 = Release|Any CPU
		{DD572B81-B62A-4B48-AD17-19EEF648E051}.Debug|Any CPU.ActiveCfg = Debug|Any CPU
		{DD572B81-B62A-4B48-AD17-19EEF648E051}.Debug|Any CPU.Build.0 = Debug|Any CPU
		{DD572B81-B62A-4B48-AD17-19EEF648E051}.Release|Any CPU.ActiveCfg = Release|Any CPU
		{DD572B81-B62A-4B48-AD17-19EEF648E051}.Release|Any CPU.Build.0 = Release|Any CPU
		{48C116B2-48F5-4245-9A1F-9A6F7FCDD52F}.Debug|Any CPU.ActiveCfg = Debug|Any CPU
		{48C116B2-48F5-4245-9A1F-9A6F7FCDD52F}.Debug|Any CPU.Build.0 = Debug|Any CPU
		{48C116B2-48F5-4245-9A1F-9A6F7FCDD52F}.Release|Any CPU.ActiveCfg = Release|Any CPU
		{48C116B2-48F5-4245-9A1F-9A6F7FCDD52F}.Release|Any CPU.Build.0 = Release|Any CPU
		{41CFB9CD-3E69-4405-B1F5-62A7DCF4FB6A}.Debug|Any CPU.ActiveCfg = Debug|Any CPU
		{41CFB9CD-3E69-4405-B1F5-62A7DCF4FB6A}.Debug|Any CPU.Build.0 = Debug|Any CPU
		{41CFB9CD-3E69-4405-B1F5-62A7DCF4FB6A}.Release|Any CPU.ActiveCfg = Release|Any CPU
		{41CFB9CD-3E69-4405-B1F5-62A7DCF4FB6A}.Release|Any CPU.Build.0 = Release|Any CPU
		{E56A5C8B-D994-436D-97D8-DFB0D27D2392}.Debug|Any CPU.ActiveCfg = Debug|Any CPU
		{E56A5C8B-D994-436D-97D8-DFB0D27D2392}.Debug|Any CPU.Build.0 = Debug|Any CPU
		{E56A5C8B-D994-436D-97D8-DFB0D27D2392}.Release|Any CPU.ActiveCfg = Release|Any CPU
		{E56A5C8B-D994-436D-97D8-DFB0D27D2392}.Release|Any CPU.Build.0 = Release|Any CPU
	EndGlobalSection
	GlobalSection(SolutionProperties) = preSolution
		HideSolutionNode = FALSE
	EndGlobalSection
	GlobalSection(NestedProjects) = preSolution
		{180AEA2E-0223-4C88-800B-2480CAB87022} = {116A8900-2C45-4388-936C-F6CD211E0E17}
		{BC1F0AAF-E6D5-4444-B359-B53195E77883} = {116A8900-2C45-4388-936C-F6CD211E0E17}
		{8D094D0A-A228-4FB8-A98A-C1D44F13E1A3} = {BC1F0AAF-E6D5-4444-B359-B53195E77883}
		{A189E8C3-B925-4E34-9C3C-FA19F5973DF8} = {116A8900-2C45-4388-936C-F6CD211E0E17}
		{9F40D015-0F6C-41F1-BB85-B65A2C0F17FB} = {116A8900-2C45-4388-936C-F6CD211E0E17}
		{BFB26DB6-407A-4C78-AB16-C4EA6121181D} = {4802D3B6-746F-4022-B559-C189C7DB1C80}
		{2C524BC5-6A84-47DB-B407-FDB19001D484} = {4802D3B6-746F-4022-B559-C189C7DB1C80}
		{2E3C907B-5AA7-4706-B19E-E9D460E33E68} = {2C524BC5-6A84-47DB-B407-FDB19001D484}
		{B5F4F3C8-4B13-472D-894D-3CED68CD6A52} = {4802D3B6-746F-4022-B559-C189C7DB1C80}
		{1496C210-14D0-4F29-88AC-3BB197704D6D} = {2E3C907B-5AA7-4706-B19E-E9D460E33E68}
		{45454DBD-E38F-4874-AF5C-B610CC54ABB9} = {2E3C907B-5AA7-4706-B19E-E9D460E33E68}
		{72DD83C1-1A13-4009-A519-7299529FF0F6} = {2E3C907B-5AA7-4706-B19E-E9D460E33E68}
		{9A61C609-7161-4217-9C06-A5CB46DF98F4} = {BFB26DB6-407A-4C78-AB16-C4EA6121181D}
		{EB79FBC3-475A-4511-8363-E6AEA49EB8DD} = {B5F4F3C8-4B13-472D-894D-3CED68CD6A52}
		{2079DB2E-B62D-48EA-9095-10EA58DFE85C} = {8D094D0A-A228-4FB8-A98A-C1D44F13E1A3}
		{8BF936C7-F6DD-446C-ABC3-A45EAD507C02} = {8D094D0A-A228-4FB8-A98A-C1D44F13E1A3}
		{E920FCE1-224F-4B6F-BF44-2846114FA685} = {8D094D0A-A228-4FB8-A98A-C1D44F13E1A3}
		{EBE84BA0-F669-400C-924B-903AF155446F} = {180AEA2E-0223-4C88-800B-2480CAB87022}
		{BF3B090B-A375-4943-BB4E-E8CF45D12696} = {A189E8C3-B925-4E34-9C3C-FA19F5973DF8}
		{4A924D22-452F-43D1-A469-F4712B87CBD7} = {9F40D015-0F6C-41F1-BB85-B65A2C0F17FB}
		{6047BD1A-606A-4464-A727-4E19575CA340} = {A2F03EFB-EA43-4A05-9D64-FD9862EA28CF}
		{95AFDECB-0C02-46EA-8975-950131A53E85} = {A2F03EFB-EA43-4A05-9D64-FD9862EA28CF}
		{0FC76430-9EFA-4B03-95D3-3AA316847907} = {80038217-E441-45FD-AB3B-A3918F89A685}
		{8E5B256C-CCD6-4F78-B586-E4BE548549CF} = {6F0E1B61-0CB0-44E2-9E0A-788579184EFC}
		{7F88624C-DBA8-4BB3-B8EF-4F0C41C715E6} = {8E5B256C-CCD6-4F78-B586-E4BE548549CF}
		{DBC696B6-3F25-4A2C-A535-B1B1ECE72E86} = {8E5B256C-CCD6-4F78-B586-E4BE548549CF}
		{A3E07293-E20B-4A24-801F-E27FFFF68906} = {6F0E1B61-0CB0-44E2-9E0A-788579184EFC}
		{E7AB45CD-0CBB-46E1-B5F8-DC7BF4D21F47} = {6F0E1B61-0CB0-44E2-9E0A-788579184EFC}
		{DD572B81-B62A-4B48-AD17-19EEF648E051} = {E7AB45CD-0CBB-46E1-B5F8-DC7BF4D21F47}
		{34B9646F-E045-4082-BD27-A718D12430DE} = {E7AB45CD-0CBB-46E1-B5F8-DC7BF4D21F47}
		{48C116B2-48F5-4245-9A1F-9A6F7FCDD52F} = {34B9646F-E045-4082-BD27-A718D12430DE}
		{41CFB9CD-3E69-4405-B1F5-62A7DCF4FB6A} = {34B9646F-E045-4082-BD27-A718D12430DE}
		{E56A5C8B-D994-436D-97D8-DFB0D27D2392} = {34B9646F-E045-4082-BD27-A718D12430DE}
	EndGlobalSection
	GlobalSection(ExtensibilityGlobals) = postSolution
		SolutionGuid = {F468455E-197D-40D8-A851-8DA860A7DB1A}
	EndGlobalSection
EndGlobal
